// !$*UTF8*$!
{
	archiveVersion = 1;
	classes = {
	};
	objectVersion = 46;
	objects = {

/* Begin PBXBuildFile section */
		3F70EC8B1701CADB00327770 /* UIKit.framework in Frameworks */ = {isa = PBXBuildFile; fileRef = 3F70EC8A1701CADB00327770 /* UIKit.framework */; };
		3F70EC8D1701CADB00327770 /* Foundation.framework in Frameworks */ = {isa = PBXBuildFile; fileRef = 3F70EC8C1701CADB00327770 /* Foundation.framework */; };
		3F70EC8F1701CADB00327770 /* CoreGraphics.framework in Frameworks */ = {isa = PBXBuildFile; fileRef = 3F70EC8E1701CADB00327770 /* CoreGraphics.framework */; };
		3FA4846C171411D8003E88A6 /* CoreData.framework in Frameworks */ = {isa = PBXBuildFile; fileRef = 3FA4846B171411D8003E88A6 /* CoreData.framework */; settings = {ATTRIBUTES = (Required, ); }; };
		3FA4846F17141F34003E88A6 /* BaseEvent.m in Sources */ = {isa = PBXBuildFile; fileRef = 3FA4846E17141F34003E88A6 /* BaseEvent.m */; };
		3FA48474171420A7003E88A6 /* NewWordEvent.m in Sources */ = {isa = PBXBuildFile; fileRef = 3FA48473171420A7003E88A6 /* NewWordEvent.m */; };
		3FA48477171420BC003E88A6 /* ReviewEvent.m in Sources */ = {isa = PBXBuildFile; fileRef = 3FA48476171420BC003E88A6 /* ReviewEvent.m */; };
		3FA4847A171420ED003E88A6 /* ExamEvent.m in Sources */ = {isa = PBXBuildFile; fileRef = 3FA48479171420ED003E88A6 /* ExamEvent.m */; };
		3FA4848117142B87003E88A6 /* Default-568h@2x.png in Resources */ = {isa = PBXBuildFile; fileRef = 3FA4847E17142B87003E88A6 /* Default-568h@2x.png */; };
		3FA4848217142B87003E88A6 /* Default.png in Resources */ = {isa = PBXBuildFile; fileRef = 3FA4847F17142B87003E88A6 /* Default.png */; };
		3FA4848317142B87003E88A6 /* Default@2x.png in Resources */ = {isa = PBXBuildFile; fileRef = 3FA4848017142B87003E88A6 /* Default@2x.png */; };
		3FA4848717142BB3003E88A6 /* GreWords-Info.plist in Resources */ = {isa = PBXBuildFile; fileRef = 3FA4848517142BB3003E88A6 /* GreWords-Info.plist */; };
		3FA4848A17142BC0003E88A6 /* GreWordsAppDelegate.m in Sources */ = {isa = PBXBuildFile; fileRef = 3FA4848917142BC0003E88A6 /* GreWordsAppDelegate.m */; };
		3FA4848C17142BD4003E88A6 /* main.m in Sources */ = {isa = PBXBuildFile; fileRef = 3FA4848B17142BD4003E88A6 /* main.m */; };
		3FA4849117142BF9003E88A6 /* InfoPlist.strings in Resources */ = {isa = PBXBuildFile; fileRef = 3FA4848D17142BF9003E88A6 /* InfoPlist.strings */; };
		3FA4849217142BF9003E88A6 /* MainStoryboard.storyboard in Resources */ = {isa = PBXBuildFile; fileRef = 3FA4848F17142BF9003E88A6 /* MainStoryboard.storyboard */; };
		3FA48495171463FC003E88A6 /* HistoryManager.m in Sources */ = {isa = PBXBuildFile; fileRef = 3FA48494171463FB003E88A6 /* HistoryManager.m */; };
		3FA4849817159F9C003E88A6 /* History.m in Sources */ = {isa = PBXBuildFile; fileRef = 3FA4849717159F9C003E88A6 /* History.m */; };
		3FA4849B17159F9D003E88A6 /* Word.m in Sources */ = {isa = PBXBuildFile; fileRef = 3FA4849A17159F9C003E88A6 /* Word.m */; };
		3FA4849E17159F9D003E88A6 /* Note.m in Sources */ = {isa = PBXBuildFile; fileRef = 3FA4849D17159F9D003E88A6 /* Note.m */; };
		7315DF5317147B1B00CF1556 /* TaskGenerator.m in Sources */ = {isa = PBXBuildFile; fileRef = 7315DF5217147B1B00CF1556 /* TaskGenerator.m */; };
		73D209AC1714367F00C718A6 /* CoreText.framework in Frameworks */ = {isa = PBXBuildFile; fileRef = 73D209AB1714367F00C718A6 /* CoreText.framework */; };
		E4134CDB1714225D00553AD2 /* WordHelper.m in Sources */ = {isa = PBXBuildFile; fileRef = E4134CDA1714225D00553AD2 /* WordHelper.m */; };
		E414B6931714300400C29D3C /* WordEntity.m in Sources */ = {isa = PBXBuildFile; fileRef = E414B6921714300400C29D3C /* WordEntity.m */; };
		E414B6961714301700C29D3C /* ConfigurationHelper.m in Sources */ = {isa = PBXBuildFile; fileRef = E414B6941714301700C29D3C /* ConfigurationHelper.m */; };
		E414B69C1714303F00C29D3C /* GreWordsViewController.m in Sources */ = {isa = PBXBuildFile; fileRef = E414B6971714303F00C29D3C /* GreWordsViewController.m */; };
		E414B69D1714303F00C29D3C /* WordLayoutViewController.xib in Resources */ = {isa = PBXBuildFile; fileRef = E414B6981714303F00C29D3C /* WordLayoutViewController.xib */; };
		E414B69E1714303F00C29D3C /* WordLayoutViewController.m in Sources */ = {isa = PBXBuildFile; fileRef = E414B69A1714303F00C29D3C /* WordLayoutViewController.m */; };
		E418DA5F1713E5E8002C6743 /* Model.xcdatamodeld in Sources */ = {isa = PBXBuildFile; fileRef = E418DA5D1713E5E8002C6743 /* Model.xcdatamodeld */; };
		E449257F1716CF3400F0523A /* SmartWordListViewController.m in Sources */ = {isa = PBXBuildFile; fileRef = E449257D1716CF3400F0523A /* SmartWordListViewController.m */; };
		E44925801716CF3400F0523A /* SmartWordListViewController.xib in Resources */ = {isa = PBXBuildFile; fileRef = E449257E1716CF3400F0523A /* SmartWordListViewController.xib */; };
		E44925831716D00C00F0523A /* SmartWordListCell.m in Sources */ = {isa = PBXBuildFile; fileRef = E44925821716D00C00F0523A /* SmartWordListCell.m */; };
		E44925981716DA0D00F0523A /* GCRetractableSectionController.m in Sources */ = {isa = PBXBuildFile; fileRef = E449258E1716DA0D00F0523A /* GCRetractableSectionController.m */; };
		E44925991716DA0D00F0523A /* DownAccessory.png in Resources */ = {isa = PBXBuildFile; fileRef = E44925901716DA0D00F0523A /* DownAccessory.png */; };
		E449259A1716DA0D00F0523A /* DownAccessory@2x.png in Resources */ = {isa = PBXBuildFile; fileRef = E44925911716DA0D00F0523A /* DownAccessory@2x.png */; };
		E449259B1716DA0D00F0523A /* DownAccessoryWhite.png in Resources */ = {isa = PBXBuildFile; fileRef = E44925921716DA0D00F0523A /* DownAccessoryWhite.png */; };
		E449259C1716DA0D00F0523A /* DownAccessoryWhite@2x.png in Resources */ = {isa = PBXBuildFile; fileRef = E44925931716DA0D00F0523A /* DownAccessoryWhite@2x.png */; };
		E449259D1716DA0D00F0523A /* UpAccessory.png in Resources */ = {isa = PBXBuildFile; fileRef = E44925941716DA0D00F0523A /* UpAccessory.png */; };
		E449259E1716DA0D00F0523A /* UpAccessory@2x.png in Resources */ = {isa = PBXBuildFile; fileRef = E44925951716DA0D00F0523A /* UpAccessory@2x.png */; };
		E449259F1716DA0D00F0523A /* UpAccessoryWhite.png in Resources */ = {isa = PBXBuildFile; fileRef = E44925961716DA0D00F0523A /* UpAccessoryWhite.png */; };
		E44925A01716DA0D00F0523A /* UpAccessoryWhite@2x.png in Resources */ = {isa = PBXBuildFile; fileRef = E44925971716DA0D00F0523A /* UpAccessoryWhite@2x.png */; };
		E44925A31716DBB600F0523A /* SmartWordListSectionController.m in Sources */ = {isa = PBXBuildFile; fileRef = E44925A21716DBB500F0523A /* SmartWordListSectionController.m */; };
		E44925A51716E22E00F0523A /* SmartWordListCell.xib in Resources */ = {isa = PBXBuildFile; fileRef = E44925A41716E22D00F0523A /* SmartWordListCell.xib */; };
		E44925A81716E8FB00F0523A /* SmartWordListHeaderCell.m in Sources */ = {isa = PBXBuildFile; fileRef = E44925A71716E8FB00F0523A /* SmartWordListHeaderCell.m */; };
		E44925AA1716E91000F0523A /* SmartWordListHeaderCell.xib in Resources */ = {isa = PBXBuildFile; fileRef = E44925A91716E90F00F0523A /* SmartWordListHeaderCell.xib */; };
		E44925B51716F5F500F0523A /* SmartWordListHeaderViewController.m in Sources */ = {isa = PBXBuildFile; fileRef = E44925B31716F5EE00F0523A /* SmartWordListHeaderViewController.m */; };
		E44925B61716F5F500F0523A /* SmartWordListHeaderViewController.xib in Resources */ = {isa = PBXBuildFile; fileRef = E44925B41716F5F000F0523A /* SmartWordListHeaderViewController.xib */; };
		E46CF2CD171184E000634ED7 /* words.plist in Resources */ = {isa = PBXBuildFile; fileRef = E46CF2CC171184E000634ED7 /* words.plist */; };
		E46DCFB017144E4F0038C149 /* MyDataStorage.m in Sources */ = {isa = PBXBuildFile; fileRef = E46DCFAF17144E4F0038C149 /* MyDataStorage.m */; };
/* End PBXBuildFile section */

/* Begin PBXFileReference section */
		3F70EC871701CADB00327770 /* GreWords.app */ = {isa = PBXFileReference; explicitFileType = wrapper.application; includeInIndex = 0; path = GreWords.app; sourceTree = BUILT_PRODUCTS_DIR; };
		3F70EC8A1701CADB00327770 /* UIKit.framework */ = {isa = PBXFileReference; lastKnownFileType = wrapper.framework; name = UIKit.framework; path = System/Library/Frameworks/UIKit.framework; sourceTree = SDKROOT; };
		3F70EC8C1701CADB00327770 /* Foundation.framework */ = {isa = PBXFileReference; lastKnownFileType = wrapper.framework; name = Foundation.framework; path = System/Library/Frameworks/Foundation.framework; sourceTree = SDKROOT; };
		3F70EC8E1701CADB00327770 /* CoreGraphics.framework */ = {isa = PBXFileReference; lastKnownFileType = wrapper.framework; name = CoreGraphics.framework; path = System/Library/Frameworks/CoreGraphics.framework; sourceTree = SDKROOT; };
		3FA4846B171411D8003E88A6 /* CoreData.framework */ = {isa = PBXFileReference; lastKnownFileType = wrapper.framework; name = CoreData.framework; path = System/Library/Frameworks/CoreData.framework; sourceTree = SDKROOT; };
		3FA4846D17141F34003E88A6 /* BaseEvent.h */ = {isa = PBXFileReference; fileEncoding = 4; lastKnownFileType = sourcecode.c.h; path = BaseEvent.h; sourceTree = "<group>"; };
		3FA4846E17141F34003E88A6 /* BaseEvent.m */ = {isa = PBXFileReference; fileEncoding = 4; lastKnownFileType = sourcecode.c.objc; path = BaseEvent.m; sourceTree = "<group>"; };
		3FA48472171420A7003E88A6 /* NewWordEvent.h */ = {isa = PBXFileReference; fileEncoding = 4; lastKnownFileType = sourcecode.c.h; path = NewWordEvent.h; sourceTree = "<group>"; };
		3FA48473171420A7003E88A6 /* NewWordEvent.m */ = {isa = PBXFileReference; fileEncoding = 4; lastKnownFileType = sourcecode.c.objc; path = NewWordEvent.m; sourceTree = "<group>"; };
		3FA48475171420BC003E88A6 /* ReviewEvent.h */ = {isa = PBXFileReference; fileEncoding = 4; lastKnownFileType = sourcecode.c.h; path = ReviewEvent.h; sourceTree = "<group>"; };
		3FA48476171420BC003E88A6 /* ReviewEvent.m */ = {isa = PBXFileReference; fileEncoding = 4; lastKnownFileType = sourcecode.c.objc; path = ReviewEvent.m; sourceTree = "<group>"; };
		3FA48478171420ED003E88A6 /* ExamEvent.h */ = {isa = PBXFileReference; fileEncoding = 4; lastKnownFileType = sourcecode.c.h; path = ExamEvent.h; sourceTree = "<group>"; };
		3FA48479171420ED003E88A6 /* ExamEvent.m */ = {isa = PBXFileReference; fileEncoding = 4; lastKnownFileType = sourcecode.c.objc; path = ExamEvent.m; sourceTree = "<group>"; };
		3FA4847E17142B87003E88A6 /* Default-568h@2x.png */ = {isa = PBXFileReference; lastKnownFileType = image.png; path = "Default-568h@2x.png"; sourceTree = "<group>"; };
		3FA4847F17142B87003E88A6 /* Default.png */ = {isa = PBXFileReference; lastKnownFileType = image.png; path = Default.png; sourceTree = "<group>"; };
		3FA4848017142B87003E88A6 /* Default@2x.png */ = {isa = PBXFileReference; lastKnownFileType = image.png; path = "Default@2x.png"; sourceTree = "<group>"; };
		3FA4848517142BB3003E88A6 /* GreWords-Info.plist */ = {isa = PBXFileReference; fileEncoding = 4; lastKnownFileType = text.plist.xml; path = "GreWords-Info.plist"; sourceTree = "<group>"; };
		3FA4848617142BB3003E88A6 /* GreWords-Prefix.pch */ = {isa = PBXFileReference; fileEncoding = 4; lastKnownFileType = sourcecode.c.h; path = "GreWords-Prefix.pch"; sourceTree = "<group>"; };
		3FA4848817142BC0003E88A6 /* GreWordsAppDelegate.h */ = {isa = PBXFileReference; fileEncoding = 4; lastKnownFileType = sourcecode.c.h; path = GreWordsAppDelegate.h; sourceTree = "<group>"; };
		3FA4848917142BC0003E88A6 /* GreWordsAppDelegate.m */ = {isa = PBXFileReference; fileEncoding = 4; lastKnownFileType = sourcecode.c.objc; path = GreWordsAppDelegate.m; sourceTree = "<group>"; };
		3FA4848B17142BD4003E88A6 /* main.m */ = {isa = PBXFileReference; fileEncoding = 4; lastKnownFileType = sourcecode.c.objc; path = main.m; sourceTree = "<group>"; };
		3FA4848E17142BF9003E88A6 /* en */ = {isa = PBXFileReference; lastKnownFileType = text.plist.strings; name = en; path = en.lproj/InfoPlist.strings; sourceTree = "<group>"; };
		3FA4849017142BF9003E88A6 /* en */ = {isa = PBXFileReference; lastKnownFileType = file.storyboard; name = en; path = en.lproj/MainStoryboard.storyboard; sourceTree = "<group>"; };
		3FA48493171463FB003E88A6 /* HistoryManager.h */ = {isa = PBXFileReference; fileEncoding = 4; lastKnownFileType = sourcecode.c.h; path = HistoryManager.h; sourceTree = "<group>"; };
		3FA48494171463FB003E88A6 /* HistoryManager.m */ = {isa = PBXFileReference; fileEncoding = 4; lastKnownFileType = sourcecode.c.objc; path = HistoryManager.m; sourceTree = "<group>"; };
		3FA4849617159F9C003E88A6 /* History.h */ = {isa = PBXFileReference; fileEncoding = 4; lastKnownFileType = sourcecode.c.h; path = History.h; sourceTree = "<group>"; };
		3FA4849717159F9C003E88A6 /* History.m */ = {isa = PBXFileReference; fileEncoding = 4; lastKnownFileType = sourcecode.c.objc; path = History.m; sourceTree = "<group>"; };
		3FA4849917159F9C003E88A6 /* Word.h */ = {isa = PBXFileReference; fileEncoding = 4; lastKnownFileType = sourcecode.c.h; path = Word.h; sourceTree = "<group>"; };
		3FA4849A17159F9C003E88A6 /* Word.m */ = {isa = PBXFileReference; fileEncoding = 4; lastKnownFileType = sourcecode.c.objc; path = Word.m; sourceTree = "<group>"; };
		3FA4849C17159F9D003E88A6 /* Note.h */ = {isa = PBXFileReference; fileEncoding = 4; lastKnownFileType = sourcecode.c.h; path = Note.h; sourceTree = "<group>"; };
		3FA4849D17159F9D003E88A6 /* Note.m */ = {isa = PBXFileReference; fileEncoding = 4; lastKnownFileType = sourcecode.c.objc; path = Note.m; sourceTree = "<group>"; };
		7315DF5117147B1B00CF1556 /* TaskGenerator.h */ = {isa = PBXFileReference; fileEncoding = 4; lastKnownFileType = sourcecode.c.h; name = TaskGenerator.h; path = ../TaskGenerator.h; sourceTree = "<group>"; };
		7315DF5217147B1B00CF1556 /* TaskGenerator.m */ = {isa = PBXFileReference; fileEncoding = 4; lastKnownFileType = sourcecode.c.objc; name = TaskGenerator.m; path = ../TaskGenerator.m; sourceTree = "<group>"; };
		73D209AB1714367F00C718A6 /* CoreText.framework */ = {isa = PBXFileReference; lastKnownFileType = wrapper.framework; name = CoreText.framework; path = System/Library/Frameworks/CoreText.framework; sourceTree = SDKROOT; };
		E4134CD91714225D00553AD2 /* WordHelper.h */ = {isa = PBXFileReference; fileEncoding = 4; lastKnownFileType = sourcecode.c.h; path = WordHelper.h; sourceTree = "<group>"; };
		E4134CDA1714225D00553AD2 /* WordHelper.m */ = {isa = PBXFileReference; fileEncoding = 4; lastKnownFileType = sourcecode.c.objc; path = WordHelper.m; sourceTree = "<group>"; };
		E414B6911714300400C29D3C /* WordEntity.h */ = {isa = PBXFileReference; fileEncoding = 4; lastKnownFileType = sourcecode.c.h; path = WordEntity.h; sourceTree = "<group>"; };
		E414B6921714300400C29D3C /* WordEntity.m */ = {isa = PBXFileReference; fileEncoding = 4; lastKnownFileType = sourcecode.c.objc; path = WordEntity.m; sourceTree = "<group>"; };
		E414B6941714301700C29D3C /* ConfigurationHelper.m */ = {isa = PBXFileReference; fileEncoding = 4; lastKnownFileType = sourcecode.c.objc; path = ConfigurationHelper.m; sourceTree = "<group>"; };
		E414B6951714301700C29D3C /* ConfigurationHelper.h */ = {isa = PBXFileReference; fileEncoding = 4; lastKnownFileType = sourcecode.c.h; path = ConfigurationHelper.h; sourceTree = "<group>"; };
		E414B6971714303F00C29D3C /* GreWordsViewController.m */ = {isa = PBXFileReference; fileEncoding = 4; lastKnownFileType = sourcecode.c.objc; path = GreWordsViewController.m; sourceTree = "<group>"; };
		E414B6981714303F00C29D3C /* WordLayoutViewController.xib */ = {isa = PBXFileReference; fileEncoding = 4; lastKnownFileType = file.xib; path = WordLayoutViewController.xib; sourceTree = "<group>"; };
		E414B6991714303F00C29D3C /* WordLayoutViewController.h */ = {isa = PBXFileReference; fileEncoding = 4; lastKnownFileType = sourcecode.c.h; path = WordLayoutViewController.h; sourceTree = "<group>"; };
		E414B69A1714303F00C29D3C /* WordLayoutViewController.m */ = {isa = PBXFileReference; fileEncoding = 4; lastKnownFileType = sourcecode.c.objc; path = WordLayoutViewController.m; sourceTree = "<group>"; };
		E414B69B1714303F00C29D3C /* GreWordsViewController.h */ = {isa = PBXFileReference; fileEncoding = 4; lastKnownFileType = sourcecode.c.h; path = GreWordsViewController.h; sourceTree = "<group>"; };
		E418DA5E1713E5E8002C6743 /* Model.xcdatamodel */ = {isa = PBXFileReference; lastKnownFileType = wrapper.xcdatamodel; path = Model.xcdatamodel; sourceTree = "<group>"; };
		E449257C1716CF3400F0523A /* SmartWordListViewController.h */ = {isa = PBXFileReference; fileEncoding = 4; lastKnownFileType = sourcecode.c.h; path = SmartWordListViewController.h; sourceTree = "<group>"; };
		E449257D1716CF3400F0523A /* SmartWordListViewController.m */ = {isa = PBXFileReference; fileEncoding = 4; lastKnownFileType = sourcecode.c.objc; path = SmartWordListViewController.m; sourceTree = "<group>"; };
		E449257E1716CF3400F0523A /* SmartWordListViewController.xib */ = {isa = PBXFileReference; fileEncoding = 4; lastKnownFileType = file.xib; path = SmartWordListViewController.xib; sourceTree = "<group>"; };
		E44925811716D00C00F0523A /* SmartWordListCell.h */ = {isa = PBXFileReference; fileEncoding = 4; lastKnownFileType = sourcecode.c.h; path = SmartWordListCell.h; sourceTree = "<group>"; };
		E44925821716D00C00F0523A /* SmartWordListCell.m */ = {isa = PBXFileReference; fileEncoding = 4; lastKnownFileType = sourcecode.c.objc; path = SmartWordListCell.m; sourceTree = "<group>"; };
		E449258D1716DA0D00F0523A /* GCRetractableSectionController.h */ = {isa = PBXFileReference; fileEncoding = 4; lastKnownFileType = sourcecode.c.h; path = GCRetractableSectionController.h; sourceTree = "<group>"; };
		E449258E1716DA0D00F0523A /* GCRetractableSectionController.m */ = {isa = PBXFileReference; fileEncoding = 4; lastKnownFileType = sourcecode.c.objc; path = GCRetractableSectionController.m; sourceTree = "<group>"; };
		E44925901716DA0D00F0523A /* DownAccessory.png */ = {isa = PBXFileReference; lastKnownFileType = image.png; path = DownAccessory.png; sourceTree = "<group>"; };
		E44925911716DA0D00F0523A /* DownAccessory@2x.png */ = {isa = PBXFileReference; lastKnownFileType = image.png; path = "DownAccessory@2x.png"; sourceTree = "<group>"; };
		E44925921716DA0D00F0523A /* DownAccessoryWhite.png */ = {isa = PBXFileReference; lastKnownFileType = image.png; path = DownAccessoryWhite.png; sourceTree = "<group>"; };
		E44925931716DA0D00F0523A /* DownAccessoryWhite@2x.png */ = {isa = PBXFileReference; lastKnownFileType = image.png; path = "DownAccessoryWhite@2x.png"; sourceTree = "<group>"; };
		E44925941716DA0D00F0523A /* UpAccessory.png */ = {isa = PBXFileReference; lastKnownFileType = image.png; path = UpAccessory.png; sourceTree = "<group>"; };
		E44925951716DA0D00F0523A /* UpAccessory@2x.png */ = {isa = PBXFileReference; lastKnownFileType = image.png; path = "UpAccessory@2x.png"; sourceTree = "<group>"; };
		E44925961716DA0D00F0523A /* UpAccessoryWhite.png */ = {isa = PBXFileReference; lastKnownFileType = image.png; path = UpAccessoryWhite.png; sourceTree = "<group>"; };
		E44925971716DA0D00F0523A /* UpAccessoryWhite@2x.png */ = {isa = PBXFileReference; lastKnownFileType = image.png; path = "UpAccessoryWhite@2x.png"; sourceTree = "<group>"; };
		E44925A11716DBB500F0523A /* SmartWordListSectionController.h */ = {isa = PBXFileReference; fileEncoding = 4; lastKnownFileType = sourcecode.c.h; path = SmartWordListSectionController.h; sourceTree = "<group>"; };
		E44925A21716DBB500F0523A /* SmartWordListSectionController.m */ = {isa = PBXFileReference; fileEncoding = 4; lastKnownFileType = sourcecode.c.objc; path = SmartWordListSectionController.m; sourceTree = "<group>"; };
		E44925A41716E22D00F0523A /* SmartWordListCell.xib */ = {isa = PBXFileReference; fileEncoding = 4; lastKnownFileType = file.xib; path = SmartWordListCell.xib; sourceTree = "<group>"; };
		E44925A61716E8FB00F0523A /* SmartWordListHeaderCell.h */ = {isa = PBXFileReference; fileEncoding = 4; lastKnownFileType = sourcecode.c.h; name = SmartWordListHeaderCell.h; path = GCRetractableSectionController/SmartWordListHeaderCell.h; sourceTree = "<group>"; };
		E44925A71716E8FB00F0523A /* SmartWordListHeaderCell.m */ = {isa = PBXFileReference; fileEncoding = 4; lastKnownFileType = sourcecode.c.objc; name = SmartWordListHeaderCell.m; path = GCRetractableSectionController/SmartWordListHeaderCell.m; sourceTree = "<group>"; };
		E44925A91716E90F00F0523A /* SmartWordListHeaderCell.xib */ = {isa = PBXFileReference; fileEncoding = 4; lastKnownFileType = file.xib; path = SmartWordListHeaderCell.xib; sourceTree = "<group>"; };
		E44925B21716F5ED00F0523A /* SmartWordListHeaderViewController.h */ = {isa = PBXFileReference; fileEncoding = 4; lastKnownFileType = sourcecode.c.h; name = SmartWordListHeaderViewController.h; path = ../SmartWordListHeaderViewController.h; sourceTree = "<group>"; };
		E44925B31716F5EE00F0523A /* SmartWordListHeaderViewController.m */ = {isa = PBXFileReference; fileEncoding = 4; lastKnownFileType = sourcecode.c.objc; name = SmartWordListHeaderViewController.m; path = ../SmartWordListHeaderViewController.m; sourceTree = "<group>"; };
		E44925B41716F5F000F0523A /* SmartWordListHeaderViewController.xib */ = {isa = PBXFileReference; fileEncoding = 4; lastKnownFileType = file.xib; name = SmartWordListHeaderViewController.xib; path = ../SmartWordListHeaderViewController.xib; sourceTree = "<group>"; };
		E46CF2CC171184E000634ED7 /* words.plist */ = {isa = PBXFileReference; lastKnownFileType = file.bplist; path = words.plist; sourceTree = "<group>"; };
		E46DCFAE17144E4F0038C149 /* MyDataStorage.h */ = {isa = PBXFileReference; fileEncoding = 4; lastKnownFileType = sourcecode.c.h; path = MyDataStorage.h; sourceTree = "<group>"; };
		E46DCFAF17144E4F0038C149 /* MyDataStorage.m */ = {isa = PBXFileReference; fileEncoding = 4; lastKnownFileType = sourcecode.c.objc; path = MyDataStorage.m; sourceTree = "<group>"; };
/* End PBXFileReference section */

/* Begin PBXFrameworksBuildPhase section */
		3F70EC841701CADB00327770 /* Frameworks */ = {
			isa = PBXFrameworksBuildPhase;
			buildActionMask = 2147483647;
			files = (
				73D209AC1714367F00C718A6 /* CoreText.framework in Frameworks */,
				3FA4846C171411D8003E88A6 /* CoreData.framework in Frameworks */,
				3F70EC8B1701CADB00327770 /* UIKit.framework in Frameworks */,
				3F70EC8D1701CADB00327770 /* Foundation.framework in Frameworks */,
				3F70EC8F1701CADB00327770 /* CoreGraphics.framework in Frameworks */,
			);
			runOnlyForDeploymentPostprocessing = 0;
		};
/* End PBXFrameworksBuildPhase section */

/* Begin PBXGroup section */
		3F70EC7E1701CADB00327770 = {
			isa = PBXGroup;
			children = (
				3F70EC901701CADB00327770 /* GreWords */,
				3F70EC891701CADB00327770 /* Frameworks */,
				3F70EC881701CADB00327770 /* Products */,
			);
			sourceTree = "<group>";
		};
		3F70EC881701CADB00327770 /* Products */ = {
			isa = PBXGroup;
			children = (
				3F70EC871701CADB00327770 /* GreWords.app */,
			);
			name = Products;
			sourceTree = "<group>";
		};
		3F70EC891701CADB00327770 /* Frameworks */ = {
			isa = PBXGroup;
			children = (
				73D209AB1714367F00C718A6 /* CoreText.framework */,
				3FA4846B171411D8003E88A6 /* CoreData.framework */,
				3F70EC8A1701CADB00327770 /* UIKit.framework */,
				3F70EC8C1701CADB00327770 /* Foundation.framework */,
				3F70EC8E1701CADB00327770 /* CoreGraphics.framework */,
			);
			name = Frameworks;
			sourceTree = "<group>";
		};
		3F70EC901701CADB00327770 /* GreWords */ = {
			isa = PBXGroup;
			children = (
				3FA4847C17142536003E88A6 /* Resource */,
				3FA4847017141F53003E88A6 /* LogicalLayer */,
				3FA4847D17142731003E88A6 /* PresetationLayer */,
				E418DA5D1713E5E8002C6743 /* Model.xcdatamodeld */,
				3FA4848F17142BF9003E88A6 /* MainStoryboard.storyboard */,
				3FA4848817142BC0003E88A6 /* GreWordsAppDelegate.h */,
				3FA4848917142BC0003E88A6 /* GreWordsAppDelegate.m */,
				3FA4848417142B96003E88A6 /* Supporting Files */,
			);
			path = GreWords;
			sourceTree = "<group>";
		};
		3FA4847017141F53003E88A6 /* LogicalLayer */ = {
			isa = PBXGroup;
			children = (
				3FA4847B1714250A003E88A6 /* Entity */,
				3FA4847117142065003E88A6 /* Event */,
				E4134CD91714225D00553AD2 /* WordHelper.h */,
				E4134CDA1714225D00553AD2 /* WordHelper.m */,
				E414B6911714300400C29D3C /* WordEntity.h */,
				E414B6921714300400C29D3C /* WordEntity.m */,
				E414B6951714301700C29D3C /* ConfigurationHelper.h */,
				E414B6941714301700C29D3C /* ConfigurationHelper.m */,
				E46DCFAE17144E4F0038C149 /* MyDataStorage.h */,
				E46DCFAF17144E4F0038C149 /* MyDataStorage.m */,
				3FA48493171463FB003E88A6 /* HistoryManager.h */,
				3FA48494171463FB003E88A6 /* HistoryManager.m */,
				7315DF5117147B1B00CF1556 /* TaskGenerator.h */,
				7315DF5217147B1B00CF1556 /* TaskGenerator.m */,
			);
			name = LogicalLayer;
			sourceTree = "<group>";
		};
		3FA4847117142065003E88A6 /* Event */ = {
			isa = PBXGroup;
			children = (
				3FA4846D17141F34003E88A6 /* BaseEvent.h */,
				3FA4846E17141F34003E88A6 /* BaseEvent.m */,
				3FA48472171420A7003E88A6 /* NewWordEvent.h */,
				3FA48473171420A7003E88A6 /* NewWordEvent.m */,
				3FA48475171420BC003E88A6 /* ReviewEvent.h */,
				3FA48476171420BC003E88A6 /* ReviewEvent.m */,
				3FA48478171420ED003E88A6 /* ExamEvent.h */,
				3FA48479171420ED003E88A6 /* ExamEvent.m */,
			);
			name = Event;
			sourceTree = "<group>";
		};
		3FA4847B1714250A003E88A6 /* Entity */ = {
			isa = PBXGroup;
			children = (
				3FA4849C17159F9D003E88A6 /* Note.h */,
				3FA4849D17159F9D003E88A6 /* Note.m */,
				3FA4849917159F9C003E88A6 /* Word.h */,
				3FA4849A17159F9C003E88A6 /* Word.m */,
				3FA4849617159F9C003E88A6 /* History.h */,
				3FA4849717159F9C003E88A6 /* History.m */,
			);
			name = Entity;
			sourceTree = "<group>";
		};
		3FA4847C17142536003E88A6 /* Resource */ = {
			isa = PBXGroup;
			children = (
				E46CF2CC171184E000634ED7 /* words.plist */,
			);
			name = Resource;
			sourceTree = "<group>";
		};
		3FA4847D17142731003E88A6 /* PresetationLayer */ = {
			isa = PBXGroup;
			children = (
				E414B69B1714303F00C29D3C /* GreWordsViewController.h */,
				E414B6971714303F00C29D3C /* GreWordsViewController.m */,
				E414B6981714303F00C29D3C /* WordLayoutViewController.xib */,
				E414B6991714303F00C29D3C /* WordLayoutViewController.h */,
				E414B69A1714303F00C29D3C /* WordLayoutViewController.m */,
				E449258B1716D9FD00F0523A /* SmartWordList */,
			);
			name = PresetationLayer;
			sourceTree = "<group>";
		};
		3FA4848417142B96003E88A6 /* Supporting Files */ = {
			isa = PBXGroup;
			children = (
				3FA4848D17142BF9003E88A6 /* InfoPlist.strings */,
				3FA4848B17142BD4003E88A6 /* main.m */,
				3FA4848517142BB3003E88A6 /* GreWords-Info.plist */,
				3FA4848617142BB3003E88A6 /* GreWords-Prefix.pch */,
				3FA4847E17142B87003E88A6 /* Default-568h@2x.png */,
				3FA4847F17142B87003E88A6 /* Default.png */,
				3FA4848017142B87003E88A6 /* Default@2x.png */,
			);
			name = "Supporting Files";
			sourceTree = "<group>";
		};
		E449258B1716D9FD00F0523A /* SmartWordList */ = {
			isa = PBXGroup;
			children = (
				E449258C1716DA0D00F0523A /* GCRetractableSectionController */,
				E449257C1716CF3400F0523A /* SmartWordListViewController.h */,
				E449257D1716CF3400F0523A /* SmartWordListViewController.m */,
				E449257E1716CF3400F0523A /* SmartWordListViewController.xib */,
				E44925B21716F5ED00F0523A /* SmartWordListHeaderViewController.h */,
				E44925B31716F5EE00F0523A /* SmartWordListHeaderViewController.m */,
				E44925B41716F5F000F0523A /* SmartWordListHeaderViewController.xib */,
				E44925A61716E8FB00F0523A /* SmartWordListHeaderCell.h */,
				E44925A71716E8FB00F0523A /* SmartWordListHeaderCell.m */,
				E44925A91716E90F00F0523A /* SmartWordListHeaderCell.xib */,
				E44925811716D00C00F0523A /* SmartWordListCell.h */,
				E44925821716D00C00F0523A /* SmartWordListCell.m */,
				E44925A41716E22D00F0523A /* SmartWordListCell.xib */,
				E44925A11716DBB500F0523A /* SmartWordListSectionController.h */,
				E44925A21716DBB500F0523A /* SmartWordListSectionController.m */,
			);
			name = SmartWordList;
			sourceTree = "<group>";
		};
		E449258C1716DA0D00F0523A /* GCRetractableSectionController */ = {
			isa = PBXGroup;
			children = (
				E449258D1716DA0D00F0523A /* GCRetractableSectionController.h */,
				E449258E1716DA0D00F0523A /* GCRetractableSectionController.m */,
				E449258F1716DA0D00F0523A /* Images */,
			);
			path = GCRetractableSectionController;
			sourceTree = "<group>";
		};
		E449258F1716DA0D00F0523A /* Images */ = {
			isa = PBXGroup;
			children = (
				E44925901716DA0D00F0523A /* DownAccessory.png */,
				E44925911716DA0D00F0523A /* DownAccessory@2x.png */,
				E44925921716DA0D00F0523A /* DownAccessoryWhite.png */,
				E44925931716DA0D00F0523A /* DownAccessoryWhite@2x.png */,
				E44925941716DA0D00F0523A /* UpAccessory.png */,
				E44925951716DA0D00F0523A /* UpAccessory@2x.png */,
				E44925961716DA0D00F0523A /* UpAccessoryWhite.png */,
				E44925971716DA0D00F0523A /* UpAccessoryWhite@2x.png */,
			);
			path = Images;
			sourceTree = "<group>";
		};
/* End PBXGroup section */

/* Begin PBXNativeTarget section */
		3F70EC861701CADB00327770 /* GreWords */ = {
			isa = PBXNativeTarget;
			buildConfigurationList = 3F70ECAA1701CADB00327770 /* Build configuration list for PBXNativeTarget "GreWords" */;
			buildPhases = (
				3F70EC831701CADB00327770 /* Sources */,
				3F70EC841701CADB00327770 /* Frameworks */,
				3F70EC851701CADB00327770 /* Resources */,
			);
			buildRules = (
			);
			dependencies = (
			);
			name = GreWords;
			productName = GreWords;
			productReference = 3F70EC871701CADB00327770 /* GreWords.app */;
			productType = "com.apple.product-type.application";
		};
/* End PBXNativeTarget section */

/* Begin PBXProject section */
		3F70EC7F1701CADB00327770 /* Project object */ = {
			isa = PBXProject;
			attributes = {
				CLASSPREFIX = GreWords;
				LastUpgradeCheck = 0460;
				ORGANIZATIONNAME = "Cui Hao";
			};
			buildConfigurationList = 3F70EC821701CADB00327770 /* Build configuration list for PBXProject "GreWords" */;
			compatibilityVersion = "Xcode 3.2";
			developmentRegion = English;
			hasScannedForEncodings = 0;
			knownRegions = (
				en,
			);
			mainGroup = 3F70EC7E1701CADB00327770;
			productRefGroup = 3F70EC881701CADB00327770 /* Products */;
			projectDirPath = "";
			projectRoot = "";
			targets = (
				3F70EC861701CADB00327770 /* GreWords */,
			);
		};
/* End PBXProject section */

/* Begin PBXResourcesBuildPhase section */
		3F70EC851701CADB00327770 /* Resources */ = {
			isa = PBXResourcesBuildPhase;
			buildActionMask = 2147483647;
			files = (
				E46CF2CD171184E000634ED7 /* words.plist in Resources */,
				3FA4848117142B87003E88A6 /* Default-568h@2x.png in Resources */,
				3FA4848217142B87003E88A6 /* Default.png in Resources */,
				3FA4848317142B87003E88A6 /* Default@2x.png in Resources */,
				3FA4848717142BB3003E88A6 /* GreWords-Info.plist in Resources */,
				3FA4849117142BF9003E88A6 /* InfoPlist.strings in Resources */,
				3FA4849217142BF9003E88A6 /* MainStoryboard.storyboard in Resources */,
				E414B69D1714303F00C29D3C /* WordLayoutViewController.xib in Resources */,
				E44925801716CF3400F0523A /* SmartWordListViewController.xib in Resources */,
				E44925991716DA0D00F0523A /* DownAccessory.png in Resources */,
				E449259A1716DA0D00F0523A /* DownAccessory@2x.png in Resources */,
				E449259B1716DA0D00F0523A /* DownAccessoryWhite.png in Resources */,
				E449259C1716DA0D00F0523A /* DownAccessoryWhite@2x.png in Resources */,
				E449259D1716DA0D00F0523A /* UpAccessory.png in Resources */,
				E449259E1716DA0D00F0523A /* UpAccessory@2x.png in Resources */,
				E449259F1716DA0D00F0523A /* UpAccessoryWhite.png in Resources */,
				E44925A01716DA0D00F0523A /* UpAccessoryWhite@2x.png in Resources */,
				E44925A51716E22E00F0523A /* SmartWordListCell.xib in Resources */,
				E44925AA1716E91000F0523A /* SmartWordListHeaderCell.xib in Resources */,
				E44925B61716F5F500F0523A /* SmartWordListHeaderViewController.xib in Resources */,
			);
			runOnlyForDeploymentPostprocessing = 0;
		};
/* End PBXResourcesBuildPhase section */

/* Begin PBXSourcesBuildPhase section */
		3F70EC831701CADB00327770 /* Sources */ = {
			isa = PBXSourcesBuildPhase;
			buildActionMask = 2147483647;
			files = (
				E418DA5F1713E5E8002C6743 /* Model.xcdatamodeld in Sources */,
				3FA4846F17141F34003E88A6 /* BaseEvent.m in Sources */,
				3FA48474171420A7003E88A6 /* NewWordEvent.m in Sources */,
				3FA48477171420BC003E88A6 /* ReviewEvent.m in Sources */,
				3FA4847A171420ED003E88A6 /* ExamEvent.m in Sources */,
				E4134CDB1714225D00553AD2 /* WordHelper.m in Sources */,
				3FA4848A17142BC0003E88A6 /* GreWordsAppDelegate.m in Sources */,
				3FA4848C17142BD4003E88A6 /* main.m in Sources */,
				E414B6931714300400C29D3C /* WordEntity.m in Sources */,
				E414B6961714301700C29D3C /* ConfigurationHelper.m in Sources */,
				E414B69C1714303F00C29D3C /* GreWordsViewController.m in Sources */,
				E414B69E1714303F00C29D3C /* WordLayoutViewController.m in Sources */,
				E46DCFB017144E4F0038C149 /* MyDataStorage.m in Sources */,
				3FA48495171463FC003E88A6 /* HistoryManager.m in Sources */,
				7315DF5317147B1B00CF1556 /* TaskGenerator.m in Sources */,
				3FA4849817159F9C003E88A6 /* History.m in Sources */,
				3FA4849B17159F9D003E88A6 /* Word.m in Sources */,
				3FA4849E17159F9D003E88A6 /* Note.m in Sources */,
				E449257F1716CF3400F0523A /* SmartWordListViewController.m in Sources */,
				E44925831716D00C00F0523A /* SmartWordListCell.m in Sources */,
				E44925981716DA0D00F0523A /* GCRetractableSectionController.m in Sources */,
				E44925A31716DBB600F0523A /* SmartWordListSectionController.m in Sources */,
				E44925A81716E8FB00F0523A /* SmartWordListHeaderCell.m in Sources */,
				E44925B51716F5F500F0523A /* SmartWordListHeaderViewController.m in Sources */,
			);
			runOnlyForDeploymentPostprocessing = 0;
		};
/* End PBXSourcesBuildPhase section */

/* Begin PBXVariantGroup section */
		3FA4848D17142BF9003E88A6 /* InfoPlist.strings */ = {
			isa = PBXVariantGroup;
			children = (
				3FA4848E17142BF9003E88A6 /* en */,
			);
			name = InfoPlist.strings;
			sourceTree = "<group>";
		};
		3FA4848F17142BF9003E88A6 /* MainStoryboard.storyboard */ = {
			isa = PBXVariantGroup;
			children = (
				3FA4849017142BF9003E88A6 /* en */,
			);
			name = MainStoryboard.storyboard;
			sourceTree = "<group>";
		};
/* End PBXVariantGroup section */

/* Begin XCBuildConfiguration section */
		3F70ECA81701CADB00327770 /* Debug */ = {
			isa = XCBuildConfiguration;
			buildSettings = {
				ALWAYS_SEARCH_USER_PATHS = NO;
				CLANG_CXX_LANGUAGE_STANDARD = "gnu++0x";
				CLANG_CXX_LIBRARY = "libc++";
				CLANG_ENABLE_OBJC_ARC = YES;
				CLANG_WARN_CONSTANT_CONVERSION = YES;
				CLANG_WARN_EMPTY_BODY = YES;
				CLANG_WARN_ENUM_CONVERSION = YES;
				CLANG_WARN_INT_CONVERSION = YES;
				CLANG_WARN__DUPLICATE_METHOD_MATCH = YES;
				"CODE_SIGN_IDENTITY[sdk=iphoneos*]" = "iPhone Developer";
				COPY_PHASE_STRIP = NO;
				GCC_C_LANGUAGE_STANDARD = gnu99;
				GCC_DYNAMIC_NO_PIC = NO;
				GCC_OPTIMIZATION_LEVEL = 0;
				GCC_PREPROCESSOR_DEFINITIONS = (
					"DEBUG=1",
					"$(inherited)",
				);
				GCC_SYMBOLS_PRIVATE_EXTERN = NO;
				GCC_WARN_ABOUT_RETURN_TYPE = YES;
				GCC_WARN_UNINITIALIZED_AUTOS = YES;
				GCC_WARN_UNUSED_VARIABLE = YES;
				IPHONEOS_DEPLOYMENT_TARGET = 6.1;
				ONLY_ACTIVE_ARCH = YES;
				SDKROOT = iphoneos;
			};
			name = Debug;
		};
		3F70ECA91701CADB00327770 /* Release */ = {
			isa = XCBuildConfiguration;
			buildSettings = {
				ALWAYS_SEARCH_USER_PATHS = NO;
				CLANG_CXX_LANGUAGE_STANDARD = "gnu++0x";
				CLANG_CXX_LIBRARY = "libc++";
				CLANG_ENABLE_OBJC_ARC = YES;
				CLANG_WARN_CONSTANT_CONVERSION = YES;
				CLANG_WARN_EMPTY_BODY = YES;
				CLANG_WARN_ENUM_CONVERSION = YES;
				CLANG_WARN_INT_CONVERSION = YES;
				CLANG_WARN__DUPLICATE_METHOD_MATCH = YES;
				"CODE_SIGN_IDENTITY[sdk=iphoneos*]" = "iPhone Developer";
				COPY_PHASE_STRIP = YES;
				GCC_C_LANGUAGE_STANDARD = gnu99;
				GCC_WARN_ABOUT_RETURN_TYPE = YES;
				GCC_WARN_UNINITIALIZED_AUTOS = YES;
				GCC_WARN_UNUSED_VARIABLE = YES;
				IPHONEOS_DEPLOYMENT_TARGET = 6.1;
				OTHER_CFLAGS = "-DNS_BLOCK_ASSERTIONS=1";
				SDKROOT = iphoneos;
				VALIDATE_PRODUCT = YES;
			};
			name = Release;
		};
		3F70ECAB1701CADB00327770 /* Debug */ = {
			isa = XCBuildConfiguration;
			buildSettings = {
				GCC_PRECOMPILE_PREFIX_HEADER = YES;
				GCC_PREFIX_HEADER = "GreWords/GreWords-Prefix.pch";
				INFOPLIST_FILE = "GreWords/GreWords-Info.plist";
				IPHONEOS_DEPLOYMENT_TARGET = 5.0;
				PRODUCT_NAME = "$(TARGET_NAME)";
				WRAPPER_EXTENSION = app;
			};
			name = Debug;
		};
		3F70ECAC1701CADB00327770 /* Release */ = {
			isa = XCBuildConfiguration;
			buildSettings = {
				GCC_PRECOMPILE_PREFIX_HEADER = YES;
				GCC_PREFIX_HEADER = "GreWords/GreWords-Prefix.pch";
				INFOPLIST_FILE = "GreWords/GreWords-Info.plist";
				IPHONEOS_DEPLOYMENT_TARGET = 5.0;
				PRODUCT_NAME = "$(TARGET_NAME)";
				WRAPPER_EXTENSION = app;
			};
			name = Release;
		};
/* End XCBuildConfiguration section */

/* Begin XCConfigurationList section */
		3F70EC821701CADB00327770 /* Build configuration list for PBXProject "GreWords" */ = {
			isa = XCConfigurationList;
			buildConfigurations = (
				3F70ECA81701CADB00327770 /* Debug */,
				3F70ECA91701CADB00327770 /* Release */,
			);
			defaultConfigurationIsVisible = 0;
			defaultConfigurationName = Release;
		};
		3F70ECAA1701CADB00327770 /* Build configuration list for PBXNativeTarget "GreWords" */ = {
			isa = XCConfigurationList;
			buildConfigurations = (
				3F70ECAB1701CADB00327770 /* Debug */,
				3F70ECAC1701CADB00327770 /* Release */,
			);
			defaultConfigurationIsVisible = 0;
			defaultConfigurationName = Release;
		};
/* End XCConfigurationList section */

/* Begin XCVersionGroup section */
		E418DA5D1713E5E8002C6743 /* Model.xcdatamodeld */ = {
			isa = XCVersionGroup;
			children = (
				E418DA5E1713E5E8002C6743 /* Model.xcdatamodel */,
			);
			currentVersion = E418DA5E1713E5E8002C6743 /* Model.xcdatamodel */;
			path = Model.xcdatamodeld;
			sourceTree = "<group>";
			versionGroupType = wrapper.xcdatamodel;
		};
/* End XCVersionGroup section */
	};
	rootObject = 3F70EC7F1701CADB00327770 /* Project object */;
}
